
Microsoft Visual Studio Solution File, Format Version 11.00
# Visual Studio 2010
Project("{FAE04EC0-301F-11D3-BF4B-00C04F79EFBC}") = "Skyproject", "Assembly-CSharp.csproj", "{9D08BFF8-4A53-67B5-9C82-A85384695934}"
EndProject
Project("{FAE04EC0-301F-11D3-BF4B-00C04F79EFBC}") = "Skyproject", "Assembly-CSharp-firstpass.csproj", "{6B670492-9C70-E407-77E3-CFF847224D53}"
EndProject
Project("{FAE04EC0-301F-11D3-BF4B-00C04F79EFBC}") = "Skyproject", "Assembly-CSharp-Editor-firstpass.csproj", "{042CB26B-59FE-650D-938F-C72C7B114C75}"
EndProject
Global
	GlobalSection(SolutionConfigurationPlatforms) = preSolution
		Debug|Any CPU = Debug|Any CPU
		Release|Any CPU = Release|Any CPU
	EndGlobalSection
	GlobalSection(ProjectConfigurationPlatforms) = postSolution
		{9D08BFF8-4A53-67B5-9C82-A85384695934}.Debug|Any CPU.ActiveCfg = Debug|Any CPU
		{9D08BFF8-4A53-67B5-9C82-A85384695934}.Debug|Any CPU.Build.0 = Debug|Any CPU
		{9D08BFF8-4A53-67B5-9C82-A85384695934}.Release|Any CPU.ActiveCfg = Release|Any CPU
		{9D08BFF8-4A53-67B5-9C82-A85384695934}.Release|Any CPU.Build.0 = Release|Any CPU
		{6B670492-9C70-E407-77E3-CFF847224D53}.Debug|Any CPU.ActiveCfg = Debug|Any CPU
		{6B670492-9C70-E407-77E3-CFF847224D53}.Debug|Any CPU.Build.0 = Debug|Any CPU
		{6B670492-9C70-E407-77E3-CFF847224D53}.Release|Any CPU.ActiveCfg = Release|Any CPU
		{6B670492-9C70-E407-77E3-CFF847224D53}.Release|Any CPU.Build.0 = Release|Any CPU
		{042CB26B-59FE-650D-938F-C72C7B114C75}.Debug|Any CPU.ActiveCfg = Debug|Any CPU
		{042CB26B-59FE-650D-938F-C72C7B114C75}.Debug|Any CPU.Build.0 = Debug|Any CPU
		{042CB26B-59FE-650D-938F-C72C7B114C75}.Release|Any CPU.ActiveCfg = Release|Any CPU
		{042CB26B-59FE-650D-938F-C72C7B114C75}.Release|Any CPU.Build.0 = Release|Any CPU
	EndGlobalSection
	GlobalSection(SolutionProperties) = preSolution
		HideSolutionNode = FALSE
	EndGlobalSection
	GlobalSection(MonoDevelopProperties) = preSolution
		StartupItem = Assembly-CSharp.csproj
	EndGlobalSection
EndGlobal
